
Microsoft Visual Studio Solution File, Format Version 12.00
# Visual Studio 15
VisualStudioVersion = 15.0.26730.12
MinimumVisualStudioVersion = 10.0.40219.1
Project("{9A19103F-16F7-4668-BE54-9A1E7A4F7556}") = "Alexa.NET.Management", "Alexa.NET.Management\Alexa.NET.Management.csproj", "{60672D47-3538-4552-A90E-E50178A06B05}"
EndProject
Project("{9A19103F-16F7-4668-BE54-9A1E7A4F7556}") = "Alexa.NET.Management.Tests", "Tests\Alexa.NET.Management.Tests\Alexa.NET.Management.Tests.csproj", "{C3F1B407-F030-47D9-A1F7-18FDD6228793}"
EndProject
Project("{FAE04EC0-301F-11D3-BF4B-00C04F79EFBC}") = "Alexa.Net.Management.UWP", "Alexa.Net.Management.UWP\Alexa.Net.Management.UWP.csproj", "{29BE780E-966D-4789-96A5-75192FD45389}"
EndProject
Global
	GlobalSection(SolutionConfigurationPlatforms) = preSolution
		Debug|Any CPU = Debug|Any CPU
		Debug|ARM = Debug|ARM
		Debug|x64 = Debug|x64
		Debug|x86 = Debug|x86
		Release|Any CPU = Release|Any CPU
		Release|ARM = Release|ARM
		Release|x64 = Release|x64
		Release|x86 = Release|x86
	EndGlobalSection
	GlobalSection(ProjectConfigurationPlatforms) = postSolution
		{60672D47-3538-4552-A90E-E50178A06B05}.Debug|Any CPU.ActiveCfg = Debug|Any CPU
		{60672D47-3538-4552-A90E-E50178A06B05}.Debug|Any CPU.Build.0 = Debug|Any CPU
		{60672D47-3538-4552-A90E-E50178A06B05}.Debug|ARM.ActiveCfg = Debug|Any CPU
		{60672D47-3538-4552-A90E-E50178A06B05}.Debug|ARM.Build.0 = Debug|Any CPU
		{60672D47-3538-4552-A90E-E50178A06B05}.Debug|x64.ActiveCfg = Debug|Any CPU
		{60672D47-3538-4552-A90E-E50178A06B05}.Debug|x64.Build.0 = Debug|Any CPU
		{60672D47-3538-4552-A90E-E50178A06B05}.Debug|x86.ActiveCfg = Debug|Any CPU
		{60672D47-3538-4552-A90E-E50178A06B05}.Debug|x86.Build.0 = Debug|Any CPU
		{60672D47-3538-4552-A90E-E50178A06B05}.Release|Any CPU.ActiveCfg = Release|Any CPU
		{60672D47-3538-4552-A90E-E50178A06B05}.Release|Any CPU.Build.0 = Release|Any CPU
		{60672D47-3538-4552-A90E-E50178A06B05}.Release|ARM.ActiveCfg = Release|Any CPU
		{60672D47-3538-4552-A90E-E50178A06B05}.Release|ARM.Build.0 = Release|Any CPU
		{60672D47-3538-4552-A90E-E50178A06B05}.Release|x64.ActiveCfg = Release|Any CPU
		{60672D47-3538-4552-A90E-E50178A06B05}.Release|x64.Build.0 = Release|Any CPU
		{60672D47-3538-4552-A90E-E50178A06B05}.Release|x86.ActiveCfg = Release|Any CPU
		{60672D47-3538-4552-A90E-E50178A06B05}.Release|x86.Build.0 = Release|Any CPU
		{C3F1B407-F030-47D9-A1F7-18FDD6228793}.Debug|Any CPU.ActiveCfg = Debug|Any CPU
		{C3F1B407-F030-47D9-A1F7-18FDD6228793}.Debug|Any CPU.Build.0 = Debug|Any CPU
		{C3F1B407-F030-47D9-A1F7-18FDD6228793}.Debug|ARM.ActiveCfg = Debug|Any CPU
		{C3F1B407-F030-47D9-A1F7-18FDD6228793}.Debug|ARM.Build.0 = Debug|Any CPU
		{C3F1B407-F030-47D9-A1F7-18FDD6228793}.Debug|x64.ActiveCfg = Debug|Any CPU
		{C3F1B407-F030-47D9-A1F7-18FDD6228793}.Debug|x64.Build.0 = Debug|Any CPU
		{C3F1B407-F030-47D9-A1F7-18FDD6228793}.Debug|x86.ActiveCfg = Debug|Any CPU
		{C3F1B407-F030-47D9-A1F7-18FDD6228793}.Debug|x86.Build.0 = Debug|Any CPU
		{C3F1B407-F030-47D9-A1F7-18FDD6228793}.Release|Any CPU.ActiveCfg = Release|Any CPU
		{C3F1B407-F030-47D9-A1F7-18FDD6228793}.Release|Any CPU.Build.0 = Release|Any CPU
		{C3F1B407-F030-47D9-A1F7-18FDD6228793}.Release|ARM.ActiveCfg = Release|Any CPU
		{C3F1B407-F030-47D9-A1F7-18FDD6228793}.Release|ARM.Build.0 = Release|Any CPU
		{C3F1B407-F030-47D9-A1F7-18FDD6228793}.Release|x64.ActiveCfg = Release|Any CPU
		{C3F1B407-F030-47D9-A1F7-18FDD6228793}.Release|x64.Build.0 = Release|Any CPU
		{C3F1B407-F030-47D9-A1F7-18FDD6228793}.Release|x86.ActiveCfg = Release|Any CPU
		{C3F1B407-F030-47D9-A1F7-18FDD6228793}.Release|x86.Build.0 = Release|Any CPU
		{29BE780E-966D-4789-96A5-75192FD45389}.Debug|Any CPU.ActiveCfg = Debug|Any CPU
		{29BE780E-966D-4789-96A5-75192FD45389}.Debug|Any CPU.Build.0 = Debug|Any CPU
		{29BE780E-966D-4789-96A5-75192FD45389}.Debug|ARM.ActiveCfg = Debug|ARM
		{29BE780E-966D-4789-96A5-75192FD45389}.Debug|ARM.Build.0 = Debug|ARM
		{29BE780E-966D-4789-96A5-75192FD45389}.Debug|x64.ActiveCfg = Debug|x64
		{29BE780E-966D-4789-96A5-75192FD45389}.Debug|x64.Build.0 = Debug|x64
		{29BE780E-966D-4789-96A5-75192FD45389}.Debug|x86.ActiveCfg = Debug|x86
		{29BE780E-966D-4789-96A5-75192FD45389}.Debug|x86.Build.0 = Debug|x86
		{29BE780E-966D-4789-96A5-75192FD45389}.Release|Any CPU.ActiveCfg = Release|Any CPU
		{29BE780E-966D-4789-96A5-75192FD45389}.Release|Any CPU.Build.0 = Release|Any CPU
		{29BE780E-966D-4789-96A5-75192FD45389}.Release|ARM.ActiveCfg = Release|ARM
		{29BE780E-966D-4789-96A5-75192FD45389}.Release|ARM.Build.0 = Release|ARM
		{29BE780E-966D-4789-96A5-75192FD45389}.Release|x64.ActiveCfg = Release|x64
		{29BE780E-966D-4789-96A5-75192FD45389}.Release|x64.Build.0 = Release|x64
		{29BE780E-966D-4789-96A5-75192FD45389}.Release|x86.ActiveCfg = Release|x86
		{29BE780E-966D-4789-96A5-75192FD45389}.Release|x86.Build.0 = Release|x86
	EndGlobalSection
	GlobalSection(SolutionProperties) = preSolution
		HideSolutionNode = FALSE
	EndGlobalSection
	GlobalSection(ExtensibilityGlobals) = postSolution
		SolutionGuid = {D47B0F20-954E-4E36-AC12-4EE07AA95CF7}
	EndGlobalSection
EndGlobal
